{
    "_readme": [
        "This file locks the dependencies of your project to a known state",
        "Read more about it at http://getcomposer.org/doc/01-basic-usage.md#composer-lock-the-lock-file",
        "This file is @generated automatically"
    ],
    "hash": "73adfa5c3beeda45c4c0de525ef21de9",
    "packages": [
        {
            "name": "components/jquery",
            "version": "dev-master",
            "source": {
                "type": "git",
                "url": "https://github.com/components/jquery.git",
                "reference": "104762e247cc7e377cdbba9d27414a5944b9c81e"
            },
            "dist": {
                "type": "zip",
                "url": "https://api.github.com/repos/components/jquery/zipball/104762e247cc7e377cdbba9d27414a5944b9c81e",
                "reference": "104762e247cc7e377cdbba9d27414a5944b9c81e",
                "shasum": ""
            },
            "type": "component",
            "extra": {
                "component": {
                    "scripts": [
                        "jquery.js"
                    ],
                    "files": [
                        "jquery.min.js",
                        "jquery.min.map",
                        "jquery-migrate.js",
                        "jquery-migrate.min.js"
                    ]
                }
            },
            "notification-url": "https://packagist.org/downloads/",
            "license": [
                "MIT"
            ],
            "authors": [
                {
                    "name": "John Resig",
                    "email": "jeresig@gmail.com"
                }
            ],
            "description": "jQuery JavaScript Library",
            "homepage": "http://jquery.com",
            "time": "2014-11-16 14:44:25"
        },
        {
            "name": "components/jquery-cookie",
            "version": "1.4.1.2",
            "source": {
                "type": "git",
                "url": "https://github.com/Gta-Cool/jquery-cookie.git",
                "reference": "0a10666155fd3aab9be5735b0ba83a4dccf59d78"
            },
            "dist": {
                "type": "zip",
                "url": "https://api.github.com/repos/Gta-Cool/jquery-cookie/zipball/0a10666155fd3aab9be5735b0ba83a4dccf59d78",
                "reference": "0a10666155fd3aab9be5735b0ba83a4dccf59d78",
                "shasum": ""
            },
            "require": {
                "components/jquery": "*",
                "robloach/component-installer": "*"
            },
            "type": "component",
            "extra": {
                "component": {
                    "scripts": [
                        "jquery.cookie.js"
                    ]
                }
            },
            "notification-url": "https://packagist.org/downloads/",
            "license": [
                "MIT"
            ],
            "authors": [
                {
                    "name": "Klaus Hartl",
                    "homepage": "https://github.com/carhartl"
                }
            ],
            "description": "A simple, lightweight jQuery plugin for reading, writing and deleting cookies",
            "homepage": "https://github.com/carhartl/jquery-cookie",
            "keywords": [
                "JS",
                "cookie",
                "javascript",
                "jquery"
            ],
            "time": "2014-07-02 18:35:35"
        },
        {
            "name": "kriswallsmith/assetic",
            "version": "v1.2.0",
            "source": {
                "type": "git",
                "url": "https://github.com/kriswallsmith/assetic.git",
                "reference": "df991c124a2212371443b586a1be767500036dee"
            },
            "dist": {
                "type": "zip",
                "url": "https://api.github.com/repos/kriswallsmith/assetic/zipball/df991c124a2212371443b586a1be767500036dee",
                "reference": "df991c124a2212371443b586a1be767500036dee",
                "shasum": ""
            },
            "require": {
                "php": ">=5.3.1",
                "symfony/process": "~2.1"
            },
            "require-dev": {
                "cssmin/cssmin": "*",
                "joliclic/javascript-packer": "*",
                "kamicane/packager": "*",
                "leafo/lessphp": "*",
                "leafo/scssphp": "*",
                "leafo/scssphp-compass": "*",
                "mrclay/minify": "*",
                "patchwork/jsqueeze": "~1.0",
                "phpunit/phpunit": "~4",
                "psr/log": "~1.0",
                "ptachoire/cssembed": "*",
                "twig/twig": "~1.6"
            },
            "suggest": {
                "leafo/lessphp": "Assetic provides the integration with the lessphp LESS compiler",
                "leafo/scssphp": "Assetic provides the integration with the scssphp SCSS compiler",
                "leafo/scssphp-compass": "Assetic provides the integration with the SCSS compass plugin",
                "patchwork/jsqueeze": "Assetic provides the integration with the JSqueeze JavaScript compressor",
                "ptachoire/cssembed": "Assetic provides the integration with phpcssembed to embed data uris",
                "twig/twig": "Assetic provides the integration with the Twig templating engine"
            },
            "type": "library",
            "extra": {
                "branch-alias": {
                    "dev-master": "1.2-dev"
                }
            },
            "autoload": {
                "psr-0": {
                    "Assetic": "src/"
                },
                "files": [
                    "src/functions.php"
                ]
            },
            "notification-url": "https://packagist.org/downloads/",
            "license": [
                "MIT"
            ],
            "authors": [
                {
                    "name": "Kris Wallsmith",
                    "email": "kris.wallsmith@gmail.com",
                    "homepage": "http://kriswallsmith.net/"
                }
            ],
            "description": "Asset Management for PHP",
            "homepage": "https://github.com/kriswallsmith/assetic",
            "keywords": [
                "assets",
                "compression",
                "minification"
            ],
            "time": "2014-10-14 14:45:32"
        },
        {
            "name": "robloach/component-installer",
            "version": "0.0.12",
            "source": {
                "type": "git",
                "url": "https://github.com/RobLoach/component-installer.git",
                "reference": "1864f25db21fc173e02a359f646acd596c1b0460"
            },
            "dist": {
                "type": "zip",
                "url": "https://api.github.com/repos/RobLoach/component-installer/zipball/1864f25db21fc173e02a359f646acd596c1b0460",
                "reference": "1864f25db21fc173e02a359f646acd596c1b0460",
                "shasum": ""
            },
            "require": {
                "kriswallsmith/assetic": "1.*",
                "php": ">=5.3.2"
            },
            "require-dev": {
                "composer/composer": "1.*"
            },
            "type": "composer-installer",
            "extra": {
                "class": "ComponentInstaller\\Installer"
            },
            "autoload": {
                "psr-0": {
                    "ComponentInstaller": "src/"
                }
            },
            "notification-url": "https://packagist.org/downloads/",
            "license": [
                "MIT"
            ],
            "authors": [
                {
                    "name": "Rob Loach",
                    "email": "robloach@gmail.com",
                    "homepage": "http://robloach.net"
                }
            ],
            "description": "Allows installation of Components via Composer.",
            "time": "2013-08-31 23:46:48"
        },
        {
            "name": "swiftmailer/swiftmailer",
            "version": "v5.3.0",
            "source": {
                "type": "git",
                "url": "https://github.com/swiftmailer/swiftmailer.git",
                "reference": "b86b927dfefdb56ab0b22d1350033d9a38e9f205"
            },
            "dist": {
                "type": "zip",
                "url": "https://api.github.com/repos/swiftmailer/swiftmailer/zipball/b86b927dfefdb56ab0b22d1350033d9a38e9f205",
                "reference": "b86b927dfefdb56ab0b22d1350033d9a38e9f205",
                "shasum": ""
            },
            "require": {
                "php": ">=5.3.3"
            },
            "require-dev": {
                "mockery/mockery": "~0.9.1"
            },
            "type": "library",
            "extra": {
                "branch-alias": {
                    "dev-master": "5.3-dev"
                }
            },
            "autoload": {
                "files": [
                    "lib/swift_required.php"
                ]
            },
            "notification-url": "https://packagist.org/downloads/",
            "license": [
                "MIT"
            ],
            "authors": [
                {
                    "name": "Chris Corbyn"
                },
                {
                    "name": "Fabien Potencier",
                    "email": "fabien@symfony.com"
                }
            ],
            "description": "Swiftmailer, free feature-rich PHP mailer",
            "homepage": "http://swiftmailer.org",
            "keywords": [
                "mail",
                "mailer"
            ],
            "time": "2014-10-04 05:53:18"
        },
        {
            "name": "symfony/process",
            "version": "v2.6.0",
            "target-dir": "Symfony/Component/Process",
            "source": {
                "type": "git",
                "url": "https://github.com/symfony/Process.git",
                "reference": "dc88f75d1c07791e5733f90be747961dce26cf05"
            },
            "dist": {
                "type": "zip",
                "url": "https://api.github.com/repos/symfony/Process/zipball/dc88f75d1c07791e5733f90be747961dce26cf05",
                "reference": "dc88f75d1c07791e5733f90be747961dce26cf05",
                "shasum": ""
            },
            "require": {
                "php": ">=5.3.3"
            },
            "type": "library",
            "extra": {
                "branch-alias": {
                    "dev-master": "2.6-dev"
                }
            },
            "autoload": {
                "psr-0": {
                    "Symfony\\Component\\Process\\": ""
                }
            },
            "notification-url": "https://packagist.org/downloads/",
            "license": [
                "MIT"
            ],
            "authors": [
                {
                    "name": "Symfony Community",
                    "homepage": "http://symfony.com/contributors"
                },
                {
                    "name": "Fabien Potencier",
                    "email": "fabien@symfony.com"
                }
            ],
            "description": "Symfony Process Component",
            "homepage": "http://symfony.com",
            "time": "2014-11-04 14:29:39"
        }
    ],
    "packages-dev": [],
    "aliases": [],
    "minimum-stability": "stable",
    "stability-flags": {
        "swiftmailer/swiftmailer": 0,
        "components/jquery": 20
    },
    "prefer-stable": false,
    "platform": [],
    "platform-dev": []
}
